
Microsoft Visual Studio Solution File, Format Version 12.00
# Visual Studio 15
VisualStudioVersion = 15.0.28307.421
MinimumVisualStudioVersion = 10.0.40219.1
Project("{FAE04EC0-301F-11D3-BF4B-00C04F79EFBC}") = "RpgApp", "RpgApp\RpgApp.csproj", "{04BFCDA5-3CDA-4297-A836-986671C4D4B8}"
EndProject
Project("{FAE04EC0-301F-11D3-BF4B-00C04F79EFBC}") = "RpgApp_Logic", "RpgApp_Logic\RpgApp_Logic.csproj", "{7D1967E9-BC6E-4EF0-9B02-CDA821A25488}"
EndProject
Project("{FAE04EC0-301F-11D3-BF4B-00C04F79EFBC}") = "RpgApp_Data", "RpgApp_Data\RpgApp_Data.csproj", "{593B6CD2-E21C-49F7-8C59-8D483533A955}"
EndProject
Project("{FAE04EC0-301F-11D3-BF4B-00C04F79EFBC}") = "RpgApp_Model", "RpgApp_Model\RpgApp_Model.csproj", "{A4E4440B-8A0A-49EC-A674-4A42CD29339F}"
EndProject
Global
	GlobalSection(SolutionConfigurationPlatforms) = preSolution
		Debug|Any CPU = Debug|Any CPU
		Release|Any CPU = Release|Any CPU
	EndGlobalSection
	GlobalSection(ProjectConfigurationPlatforms) = postSolution
		{04BFCDA5-3CDA-4297-A836-986671C4D4B8}.Debug|Any CPU.ActiveCfg = Debug|Any CPU
		{04BFCDA5-3CDA-4297-A836-986671C4D4B8}.Debug|Any CPU.Build.0 = Debug|Any CPU
		{04BFCDA5-3CDA-4297-A836-986671C4D4B8}.Release|Any CPU.ActiveCfg = Release|Any CPU
		{04BFCDA5-3CDA-4297-A836-986671C4D4B8}.Release|Any CPU.Build.0 = Release|Any CPU
		{7D1967E9-BC6E-4EF0-9B02-CDA821A25488}.Debug|Any CPU.ActiveCfg = Debug|Any CPU
		{7D1967E9-BC6E-4EF0-9B02-CDA821A25488}.Debug|Any CPU.Build.0 = Debug|Any CPU
		{7D1967E9-BC6E-4EF0-9B02-CDA821A25488}.Release|Any CPU.ActiveCfg = Release|Any CPU
		{7D1967E9-BC6E-4EF0-9B02-CDA821A25488}.Release|Any CPU.Build.0 = Release|Any CPU
		{593B6CD2-E21C-49F7-8C59-8D483533A955}.Debug|Any CPU.ActiveCfg = Debug|Any CPU
		{593B6CD2-E21C-49F7-8C59-8D483533A955}.Debug|Any CPU.Build.0 = Debug|Any CPU
		{593B6CD2-E21C-49F7-8C59-8D483533A955}.Release|Any CPU.ActiveCfg = Release|Any CPU
		{593B6CD2-E21C-49F7-8C59-8D483533A955}.Release|Any CPU.Build.0 = Release|Any CPU
		{A4E4440B-8A0A-49EC-A674-4A42CD29339F}.Debug|Any CPU.ActiveCfg = Debug|Any CPU
		{A4E4440B-8A0A-49EC-A674-4A42CD29339F}.Debug|Any CPU.Build.0 = Debug|Any CPU
		{A4E4440B-8A0A-49EC-A674-4A42CD29339F}.Release|Any CPU.ActiveCfg = Release|Any CPU
		{A4E4440B-8A0A-49EC-A674-4A42CD29339F}.Release|Any CPU.Build.0 = Release|Any CPU
	EndGlobalSection
	GlobalSection(SolutionProperties) = preSolution
		HideSolutionNode = FALSE
	EndGlobalSection
	GlobalSection(ExtensibilityGlobals) = postSolution
		SolutionGuid = {CB1E52D1-E951-4A1B-B926-AA05D26230F9}
	EndGlobalSection
EndGlobal
